{
  "version": 4,
  "terraform_version": "1.12.2",
  "serial": 39,
  "lineage": "a15fe532-2c55-4e52-822c-a7fce9f87cba",
  "outputs": {
    "droplet_id": {
      "value": "514176125",
      "type": "string"
    },
    "droplet_ip": {
      "value": "159.65.45.65",
      "type": "string"
    }
  },
  "resources": [
    {
      "module": "module.jenkins",
      "mode": "managed",
      "type": "digitalocean_droplet",
      "name": "sample",
      "provider": "provider[\"registry.terraform.io/digitalocean/digitalocean\"]",
      "instances": [
        {
          "schema_version": 1,
          "attributes": {
            "backup_policy": [],
            "backups": false,
            "created_at": "2025-08-19T15:22:49Z",
            "disk": 80,
            "droplet_agent": null,
            "graceful_shutdown": false,
            "id": "514176125",
            "image": "ubuntu-22-04-x64",
            "ipv4_address": "159.65.45.65",
            "ipv4_address_private": "10.108.0.9",
            "ipv6": false,
            "ipv6_address": "",
            "locked": false,
            "memory": 4096,
            "monitoring": false,
            "name": "jenkins",
            "price_hourly": 0.03571,
            "price_monthly": 24,
            "private_networking": true,
            "region": "nyc3",
            "resize_disk": true,
            "size": "s-2vcpu-4gb",
            "ssh_keys": [
              "75:8a:d9:3d:86:d6:4e:38:6b:a5:51:e1:db:50:26:88"
            ],
            "status": "active",
            "tags": [],
            "timeouts": null,
            "urn": "do:droplet:514176125",
            "user_data": null,
            "vcpus": 2,
            "volume_ids": [],
            "vpc_uuid": "0060a5da-47e0-4844-abbf-b31bad8194c6"
          },
          "sensitive_attributes": [],
          "identity_schema_version": 0,
          "private": "eyJlMmJmYjczMC1lY2FhLTExZTYtOGY4OC0zNDM2M2JjN2M0YzAiOnsiY3JlYXRlIjozNjAwMDAwMDAwMDAwLCJkZWxldGUiOjYwMDAwMDAwMDAwLCJ1cGRhdGUiOjM2MDAwMDAwMDAwMDB9LCJzY2hlbWFfdmVyc2lvbiI6IjEifQ=="
        }
      ]
    },
    {
      "module": "module.server-1",
      "mode": "managed",
      "type": "digitalocean_droplet",
      "name": "sample",
      "provider": "provider[\"registry.terraform.io/digitalocean/digitalocean\"]",
      "instances": [
        {
          "schema_version": 1,
          "attributes": {
            "backup_policy": [],
            "backups": false,
            "created_at": "2025-08-19T15:22:48Z",
            "disk": 80,
            "droplet_agent": null,
            "graceful_shutdown": false,
            "id": "514176123",
            "image": "ubuntu-22-04-x64",
            "ipv4_address": "45.55.57.150",
            "ipv4_address_private": "10.108.0.5",
            "ipv6": false,
            "ipv6_address": "",
            "locked": false,
            "memory": 4096,
            "monitoring": false,
            "name": "server-1",
            "price_hourly": 0.03571,
            "price_monthly": 24,
            "private_networking": true,
            "region": "nyc3",
            "resize_disk": true,
            "size": "s-2vcpu-4gb",
            "ssh_keys": [
              "75:8a:d9:3d:86:d6:4e:38:6b:a5:51:e1:db:50:26:88"
            ],
            "status": "active",
            "tags": [],
            "timeouts": null,
            "urn": "do:droplet:514176123",
            "user_data": null,
            "vcpus": 2,
            "volume_ids": [],
            "vpc_uuid": "0060a5da-47e0-4844-abbf-b31bad8194c6"
          },
          "sensitive_attributes": [],
          "identity_schema_version": 0,
          "private": "eyJlMmJmYjczMC1lY2FhLTExZTYtOGY4OC0zNDM2M2JjN2M0YzAiOnsiY3JlYXRlIjozNjAwMDAwMDAwMDAwLCJkZWxldGUiOjYwMDAwMDAwMDAwLCJ1cGRhdGUiOjM2MDAwMDAwMDAwMDB9LCJzY2hlbWFfdmVyc2lvbiI6IjEifQ=="
        }
      ]
    },
    {
      "module": "module.server-2",
      "mode": "managed",
      "type": "digitalocean_droplet",
      "name": "sample",
      "provider": "provider[\"registry.terraform.io/digitalocean/digitalocean\"]",
      "instances": [
        {
          "schema_version": 1,
          "attributes": {
            "backup_policy": [],
            "backups": false,
            "created_at": "2025-08-19T15:22:49Z",
            "disk": 80,
            "droplet_agent": null,
            "graceful_shutdown": false,
            "id": "514176126",
            "image": "ubuntu-22-04-x64",
            "ipv4_address": "161.35.129.20",
            "ipv4_address_private": "10.108.0.7",
            "ipv6": false,
            "ipv6_address": "",
            "locked": false,
            "memory": 4096,
            "monitoring": false,
            "name": "server-2",
            "price_hourly": 0.03571,
            "price_monthly": 24,
            "private_networking": true,
            "region": "nyc3",
            "resize_disk": true,
            "size": "s-2vcpu-4gb",
            "ssh_keys": [
              "75:8a:d9:3d:86:d6:4e:38:6b:a5:51:e1:db:50:26:88"
            ],
            "status": "active",
            "tags": [],
            "timeouts": null,
            "urn": "do:droplet:514176126",
            "user_data": null,
            "vcpus": 2,
            "volume_ids": [],
            "vpc_uuid": "0060a5da-47e0-4844-abbf-b31bad8194c6"
          },
          "sensitive_attributes": [],
          "identity_schema_version": 0,
          "private": "eyJlMmJmYjczMC1lY2FhLTExZTYtOGY4OC0zNDM2M2JjN2M0YzAiOnsiY3JlYXRlIjozNjAwMDAwMDAwMDAwLCJkZWxldGUiOjYwMDAwMDAwMDAwLCJ1cGRhdGUiOjM2MDAwMDAwMDAwMDB9LCJzY2hlbWFfdmVyc2lvbiI6IjEifQ=="
        }
      ]
    },
    {
      "module": "module.server-3",
      "mode": "managed",
      "type": "digitalocean_droplet",
      "name": "sample",
      "provider": "provider[\"registry.terraform.io/digitalocean/digitalocean\"]",
      "instances": [
        {
          "schema_version": 1,
          "attributes": {
            "backup_policy": [],
            "backups": false,
            "created_at": "2025-08-19T15:22:48Z",
            "disk": 80,
            "droplet_agent": null,
            "graceful_shutdown": false,
            "id": "514176124",
            "image": "ubuntu-22-04-x64",
            "ipv4_address": "165.22.45.71",
            "ipv4_address_private": "10.108.0.8",
            "ipv6": false,
            "ipv6_address": "",
            "locked": false,
            "memory": 4096,
            "monitoring": false,
            "name": "server-3",
            "price_hourly": 0.03571,
            "price_monthly": 24,
            "private_networking": true,
            "region": "nyc3",
            "resize_disk": true,
            "size": "s-2vcpu-4gb",
            "ssh_keys": [
              "75:8a:d9:3d:86:d6:4e:38:6b:a5:51:e1:db:50:26:88"
            ],
            "status": "active",
            "tags": [],
            "timeouts": null,
            "urn": "do:droplet:514176124",
            "user_data": null,
            "vcpus": 2,
            "volume_ids": [],
            "vpc_uuid": "0060a5da-47e0-4844-abbf-b31bad8194c6"
          },
          "sensitive_attributes": [],
          "identity_schema_version": 0,
          "private": "eyJlMmJmYjczMC1lY2FhLTExZTYtOGY4OC0zNDM2M2JjN2M0YzAiOnsiY3JlYXRlIjozNjAwMDAwMDAwMDAwLCJkZWxldGUiOjYwMDAwMDAwMDAwLCJ1cGRhdGUiOjM2MDAwMDAwMDAwMDB9LCJzY2hlbWFfdmVyc2lvbiI6IjEifQ=="
        }
      ]
    },
    {
      "module": "module.server-4",
      "mode": "managed",
      "type": "digitalocean_droplet",
      "name": "sample",
      "provider": "provider[\"registry.terraform.io/digitalocean/digitalocean\"]",
      "instances": [
        {
          "schema_version": 1,
          "attributes": {
            "backup_policy": [],
            "backups": false,
            "created_at": "2025-08-19T15:22:48Z",
            "disk": 80,
            "droplet_agent": null,
            "graceful_shutdown": false,
            "id": "514176122",
            "image": "ubuntu-22-04-x64",
            "ipv4_address": "45.55.63.99",
            "ipv4_address_private": "10.108.0.6",
            "ipv6": false,
            "ipv6_address": "",
            "locked": false,
            "memory": 4096,
            "monitoring": false,
            "name": "server-4",
            "price_hourly": 0.03571,
            "price_monthly": 24,
            "private_networking": true,
            "region": "nyc3",
            "resize_disk": true,
            "size": "s-2vcpu-4gb",
            "ssh_keys": [
              "75:8a:d9:3d:86:d6:4e:38:6b:a5:51:e1:db:50:26:88"
            ],
            "status": "active",
            "tags": [],
            "timeouts": null,
            "urn": "do:droplet:514176122",
            "user_data": null,
            "vcpus": 2,
            "volume_ids": [],
            "vpc_uuid": "0060a5da-47e0-4844-abbf-b31bad8194c6"
          },
          "sensitive_attributes": [],
          "identity_schema_version": 0,
          "private": "eyJlMmJmYjczMC1lY2FhLTExZTYtOGY4OC0zNDM2M2JjN2M0YzAiOnsiY3JlYXRlIjozNjAwMDAwMDAwMDAwLCJkZWxldGUiOjYwMDAwMDAwMDAwLCJ1cGRhdGUiOjM2MDAwMDAwMDAwMDB9LCJzY2hlbWFfdmVyc2lvbiI6IjEifQ=="
        }
      ]
    }
  ],
  "check_results": null
}
