{
  "version": 4,
  "terraform_version": "1.12.2",
  "serial": 22,
  "lineage": "a15fe532-2c55-4e52-822c-a7fce9f87cba",
  "outputs": {},
  "resources": [
    {
      "module": "module.jenkins",
      "mode": "managed",
      "type": "digitalocean_droplet",
      "name": "sample",
      "provider": "provider[\"registry.terraform.io/digitalocean/digitalocean\"]",
      "instances": [
        {
          "schema_version": 1,
          "attributes": {
            "backup_policy": [],
            "backups": false,
            "created_at": "2025-08-19T09:53:27Z",
            "disk": 80,
            "droplet_agent": null,
            "graceful_shutdown": false,
            "id": "514130097",
            "image": "ubuntu-22-04-x64",
            "ipv4_address": "64.225.0.71",
            "ipv4_address_private": "10.108.0.6",
            "ipv6": false,
            "ipv6_address": "",
            "locked": false,
            "memory": 4096,
            "monitoring": false,
            "name": "jenkins",
            "price_hourly": 0.03571,
            "price_monthly": 24,
            "private_networking": true,
            "region": "nyc3",
            "resize_disk": true,
            "size": "s-2vcpu-4gb",
            "ssh_keys": [
              "75:8a:d9:3d:86:d6:4e:38:6b:a5:51:e1:db:50:26:88"
            ],
            "status": "active",
            "tags": null,
            "timeouts": null,
            "urn": "do:droplet:514130097",
            "user_data": null,
            "vcpus": 2,
            "volume_ids": [],
            "vpc_uuid": "0060a5da-47e0-4844-abbf-b31bad8194c6"
          },
          "sensitive_attributes": [],
          "identity_schema_version": 0,
          "private": "eyJlMmJmYjczMC1lY2FhLTExZTYtOGY4OC0zNDM2M2JjN2M0YzAiOnsiY3JlYXRlIjozNjAwMDAwMDAwMDAwLCJkZWxldGUiOjYwMDAwMDAwMDAwLCJ1cGRhdGUiOjM2MDAwMDAwMDAwMDB9LCJzY2hlbWFfdmVyc2lvbiI6IjEifQ=="
        }
      ]
    },
    {
      "module": "module.server-1",
      "mode": "managed",
      "type": "digitalocean_droplet",
      "name": "sample",
      "provider": "provider[\"registry.terraform.io/digitalocean/digitalocean\"]",
      "instances": [
        {
          "schema_version": 1,
          "attributes": {
            "backup_policy": [],
            "backups": false,
            "created_at": "2025-08-19T09:53:25Z",
            "disk": 80,
            "droplet_agent": null,
            "graceful_shutdown": false,
            "id": "514130093",
            "image": "ubuntu-22-04-x64",
            "ipv4_address": "167.71.180.22",
            "ipv4_address_private": "10.108.0.8",
            "ipv6": false,
            "ipv6_address": "",
            "locked": false,
            "memory": 4096,
            "monitoring": false,
            "name": "server-1",
            "price_hourly": 0.03571,
            "price_monthly": 24,
            "private_networking": true,
            "region": "nyc3",
            "resize_disk": true,
            "size": "s-2vcpu-4gb",
            "ssh_keys": [
              "75:8a:d9:3d:86:d6:4e:38:6b:a5:51:e1:db:50:26:88"
            ],
            "status": "active",
            "tags": null,
            "timeouts": null,
            "urn": "do:droplet:514130093",
            "user_data": null,
            "vcpus": 2,
            "volume_ids": [],
            "vpc_uuid": "0060a5da-47e0-4844-abbf-b31bad8194c6"
          },
          "sensitive_attributes": [],
          "identity_schema_version": 0,
          "private": "eyJlMmJmYjczMC1lY2FhLTExZTYtOGY4OC0zNDM2M2JjN2M0YzAiOnsiY3JlYXRlIjozNjAwMDAwMDAwMDAwLCJkZWxldGUiOjYwMDAwMDAwMDAwLCJ1cGRhdGUiOjM2MDAwMDAwMDAwMDB9LCJzY2hlbWFfdmVyc2lvbiI6IjEifQ=="
        }
      ]
    },
    {
      "module": "module.server-2",
      "mode": "managed",
      "type": "digitalocean_droplet",
      "name": "sample",
      "provider": "provider[\"registry.terraform.io/digitalocean/digitalocean\"]",
      "instances": [
        {
          "schema_version": 1,
          "attributes": {
            "backup_policy": [],
            "backups": false,
            "created_at": "2025-08-19T09:53:26Z",
            "disk": 80,
            "droplet_agent": null,
            "graceful_shutdown": false,
            "id": "514130095",
            "image": "ubuntu-22-04-x64",
            "ipv4_address": "159.89.189.34",
            "ipv4_address_private": "10.108.0.7",
            "ipv6": false,
            "ipv6_address": "",
            "locked": false,
            "memory": 4096,
            "monitoring": false,
            "name": "server-2",
            "price_hourly": 0.03571,
            "price_monthly": 24,
            "private_networking": true,
            "region": "nyc3",
            "resize_disk": true,
            "size": "s-2vcpu-4gb",
            "ssh_keys": [
              "75:8a:d9:3d:86:d6:4e:38:6b:a5:51:e1:db:50:26:88"
            ],
            "status": "active",
            "tags": null,
            "timeouts": null,
            "urn": "do:droplet:514130095",
            "user_data": null,
            "vcpus": 2,
            "volume_ids": [],
            "vpc_uuid": "0060a5da-47e0-4844-abbf-b31bad8194c6"
          },
          "sensitive_attributes": [],
          "identity_schema_version": 0,
          "private": "eyJlMmJmYjczMC1lY2FhLTExZTYtOGY4OC0zNDM2M2JjN2M0YzAiOnsiY3JlYXRlIjozNjAwMDAwMDAwMDAwLCJkZWxldGUiOjYwMDAwMDAwMDAwLCJ1cGRhdGUiOjM2MDAwMDAwMDAwMDB9LCJzY2hlbWFfdmVyc2lvbiI6IjEifQ=="
        }
      ]
    },
    {
      "module": "module.server-3",
      "mode": "managed",
      "type": "digitalocean_droplet",
      "name": "sample",
      "provider": "provider[\"registry.terraform.io/digitalocean/digitalocean\"]",
      "instances": [
        {
          "schema_version": 1,
          "attributes": {
            "backup_policy": [],
            "backups": false,
            "created_at": "2025-08-19T09:53:34Z",
            "disk": 80,
            "droplet_agent": null,
            "graceful_shutdown": false,
            "id": "514130102",
            "image": "ubuntu-22-04-x64",
            "ipv4_address": "159.65.169.6",
            "ipv4_address_private": "10.108.0.4",
            "ipv6": false,
            "ipv6_address": "",
            "locked": false,
            "memory": 4096,
            "monitoring": false,
            "name": "server-3",
            "price_hourly": 0.03571,
            "price_monthly": 24,
            "private_networking": true,
            "region": "nyc3",
            "resize_disk": true,
            "size": "s-2vcpu-4gb",
            "ssh_keys": [
              "75:8a:d9:3d:86:d6:4e:38:6b:a5:51:e1:db:50:26:88"
            ],
            "status": "active",
            "tags": null,
            "timeouts": null,
            "urn": "do:droplet:514130102",
            "user_data": null,
            "vcpus": 2,
            "volume_ids": [],
            "vpc_uuid": "0060a5da-47e0-4844-abbf-b31bad8194c6"
          },
          "sensitive_attributes": [],
          "identity_schema_version": 0,
          "private": "eyJlMmJmYjczMC1lY2FhLTExZTYtOGY4OC0zNDM2M2JjN2M0YzAiOnsiY3JlYXRlIjozNjAwMDAwMDAwMDAwLCJkZWxldGUiOjYwMDAwMDAwMDAwLCJ1cGRhdGUiOjM2MDAwMDAwMDAwMDB9LCJzY2hlbWFfdmVyc2lvbiI6IjEifQ=="
        }
      ]
    },
    {
      "module": "module.server-4",
      "mode": "managed",
      "type": "digitalocean_droplet",
      "name": "sample",
      "provider": "provider[\"registry.terraform.io/digitalocean/digitalocean\"]",
      "instances": [
        {
          "schema_version": 1,
          "attributes": {
            "backup_policy": [],
            "backups": false,
            "created_at": "2025-08-19T09:53:34Z",
            "disk": 80,
            "droplet_agent": null,
            "graceful_shutdown": false,
            "id": "514130101",
            "image": "ubuntu-22-04-x64",
            "ipv4_address": "64.225.63.26",
            "ipv4_address_private": "10.108.0.5",
            "ipv6": false,
            "ipv6_address": "",
            "locked": false,
            "memory": 4096,
            "monitoring": false,
            "name": "server-4",
            "price_hourly": 0.03571,
            "price_monthly": 24,
            "private_networking": true,
            "region": "nyc3",
            "resize_disk": true,
            "size": "s-2vcpu-4gb",
            "ssh_keys": [
              "75:8a:d9:3d:86:d6:4e:38:6b:a5:51:e1:db:50:26:88"
            ],
            "status": "active",
            "tags": null,
            "timeouts": null,
            "urn": "do:droplet:514130101",
            "user_data": null,
            "vcpus": 2,
            "volume_ids": [],
            "vpc_uuid": "0060a5da-47e0-4844-abbf-b31bad8194c6"
          },
          "sensitive_attributes": [],
          "identity_schema_version": 0,
          "private": "eyJlMmJmYjczMC1lY2FhLTExZTYtOGY4OC0zNDM2M2JjN2M0YzAiOnsiY3JlYXRlIjozNjAwMDAwMDAwMDAwLCJkZWxldGUiOjYwMDAwMDAwMDAwLCJ1cGRhdGUiOjM2MDAwMDAwMDAwMDB9LCJzY2hlbWFfdmVyc2lvbiI6IjEifQ=="
        }
      ]
    }
  ],
  "check_results": null
}
