{
  "version": 4,
  "terraform_version": "1.12.2",
  "serial": 7,
  "lineage": "a15fe532-2c55-4e52-822c-a7fce9f87cba",
  "outputs": {},
  "resources": [
    {
      "module": "module.server",
      "mode": "managed",
      "type": "digitalocean_droplet",
      "name": "sample",
      "provider": "provider[\"registry.terraform.io/digitalocean/digitalocean\"]",
      "instances": [
        {
          "schema_version": 1,
          "attributes": {
            "backup_policy": [],
            "backups": false,
            "created_at": "2025-08-17T17:59:51Z",
            "disk": 80,
            "droplet_agent": null,
            "graceful_shutdown": false,
            "id": "513860182",
            "image": "ubuntu-22-04-x64",
            "ipv4_address": "104.131.67.1",
            "ipv4_address_private": "10.108.0.9",
            "ipv6": false,
            "ipv6_address": "",
            "locked": false,
            "memory": 4096,
            "monitoring": false,
            "name": "jenkins",
            "price_hourly": 0.03571,
            "price_monthly": 24,
            "private_networking": true,
            "region": "nyc3",
            "resize_disk": true,
            "size": "s-2vcpu-4gb",
            "ssh_keys": [
              "75:8a:d9:3d:86:d6:4e:38:6b:a5:51:e1:db:50:26:88"
            ],
            "status": "active",
            "tags": null,
            "timeouts": null,
            "urn": "do:droplet:513860182",
            "user_data": null,
            "vcpus": 2,
            "volume_ids": [],
            "vpc_uuid": "0060a5da-47e0-4844-abbf-b31bad8194c6"
          },
          "sensitive_attributes": [],
          "identity_schema_version": 0,
          "private": "eyJlMmJmYjczMC1lY2FhLTExZTYtOGY4OC0zNDM2M2JjN2M0YzAiOnsiY3JlYXRlIjozNjAwMDAwMDAwMDAwLCJkZWxldGUiOjYwMDAwMDAwMDAwLCJ1cGRhdGUiOjM2MDAwMDAwMDAwMDB9LCJzY2hlbWFfdmVyc2lvbiI6IjEifQ=="
        }
      ]
    }
  ],
  "check_results": null
}
