{
  "version": 4,
  "terraform_version": "1.12.2",
  "serial": 1,
  "lineage": "107f5835-cea1-b41c-a5fe-8f91f4c23a53",
  "outputs": {},
  "resources": [
    {
      "module": "module.nfs",
      "mode": "managed",
      "type": "digitalocean_droplet",
      "name": "storage",
      "provider": "provider[\"registry.terraform.io/digitalocean/digitalocean\"]",
      "instances": [
        {
          "schema_version": 1,
          "attributes": {
            "backup_policy": [],
            "backups": false,
            "created_at": "2025-08-19T10:11:04Z",
            "disk": 80,
            "droplet_agent": null,
            "graceful_shutdown": false,
            "id": "514133113",
            "image": "ubuntu-22-04-x64",
            "ipv4_address": "159.89.42.236",
            "ipv4_address_private": "10.108.0.9",
            "ipv6": false,
            "ipv6_address": "",
            "locked": false,
            "memory": 4096,
            "monitoring": false,
            "name": "nfs-server",
            "price_hourly": 0.03571,
            "price_monthly": 24,
            "private_networking": true,
            "region": "nyc3",
            "resize_disk": true,
            "size": "s-2vcpu-4gb",
            "ssh_keys": [
              "75:8a:d9:3d:86:d6:4e:38:6b:a5:51:e1:db:50:26:88"
            ],
            "status": "active",
            "tags": [
              "nfs-server",
              "terraform"
            ],
            "timeouts": null,
            "urn": "do:droplet:514133113",
            "user_data": "a40125d82843794e6cb39ffc1b8efa47327e8ac9",
            "vcpus": 2,
            "volume_ids": [],
            "vpc_uuid": "0060a5da-47e0-4844-abbf-b31bad8194c6"
          },
          "sensitive_attributes": [],
          "identity_schema_version": 0,
          "private": "eyJlMmJmYjczMC1lY2FhLTExZTYtOGY4OC0zNDM2M2JjN2M0YzAiOnsiY3JlYXRlIjozNjAwMDAwMDAwMDAwLCJkZWxldGUiOjYwMDAwMDAwMDAwLCJ1cGRhdGUiOjM2MDAwMDAwMDAwMDB9LCJzY2hlbWFfdmVyc2lvbiI6IjEifQ=="
        }
      ]
    }
  ],
  "check_results": null
}
